
Microsoft Visual Studio Solution File, Format Version 12.00
# Visual Studio Version 17
VisualStudioVersion = 17.0.31912.275
MinimumVisualStudioVersion = 10.0.40219.1
Project("{FAE04EC0-301F-11D3-BF4B-00C04F79EFBC}") = "FileUploader", "FileUploader.csproj", "{BAB3C8C5-3A82-4F33-96CA-D529A38AFB39}"
EndProject
Global
	GlobalSection(SolutionConfigurationPlatforms) = preSolution
		Debug|Any CPU = Debug|Any CPU
		Release|Any CPU = Release|Any CPU
	EndGlobalSection
	GlobalSection(ProjectConfigurationPlatforms) = postSolution
		{BAB3C8C5-3A82-4F33-96CA-D529A38AFB39}.Debug|Any CPU.ActiveCfg = Debug|Any CPU
		{BAB3C8C5-3A82-4F33-96CA-D529A38AFB39}.Debug|Any CPU.Build.0 = Debug|Any CPU
		{BAB3C8C5-3A82-4F33-96CA-D529A38AFB39}.Release|Any CPU.ActiveCfg = Release|Any CPU
		{BAB3C8C5-3A82-4F33-96CA-D529A38AFB39}.Release|Any CPU.Build.0 = Release|Any CPU
	EndGlobalSection
	GlobalSection(SolutionProperties) = preSolution
		HideSolutionNode = FALSE
	EndGlobalSection
	GlobalSection(ExtensibilityGlobals) = postSolution
		SolutionGuid = {D1732732-E8A9-4DA0-8B87-E634A028A4DC}
	EndGlobalSection
EndGlobal
